// !$*UTF8*$!
{
	archiveVersion = 1;
	classes = {
	};
	objectVersion = 50;
	objects = {

/* Begin PBXBuildFile section */
		26BA3F2A25075FB90091373A /* AnimatableStore.swift in Sources */ = {isa = PBXBuildFile; fileRef = 26BA3F2925075FB90091373A /* AnimatableStore.swift */; };
		26BA3F2B25075FB90091373A /* AnimatableStore.swift in Sources */ = {isa = PBXBuildFile; fileRef = 26BA3F2925075FB90091373A /* AnimatableStore.swift */; };
		26F62EFB2506B8D000FDEA70 /* ZellijApp.swift in Sources */ = {isa = PBXBuildFile; fileRef = 26F62EE82506B8CF00FDEA70 /* ZellijApp.swift */; };
		26F62EFC2506B8D000FDEA70 /* ZellijApp.swift in Sources */ = {isa = PBXBuildFile; fileRef = 26F62EE82506B8CF00FDEA70 /* ZellijApp.swift */; };
		26F62EFF2506B8D000FDEA70 /* Assets.xcassets in Resources */ = {isa = PBXBuildFile; fileRef = 26F62EEA2506B8D000FDEA70 /* Assets.xcassets */; };
		26F62F002506B8D000FDEA70 /* Assets.xcassets in Resources */ = {isa = PBXBuildFile; fileRef = 26F62EEA2506B8D000FDEA70 /* Assets.xcassets */; };
		26F62F0B2506B92000FDEA70 /* Color.swift in Sources */ = {isa = PBXBuildFile; fileRef = 26F62F0A2506B92000FDEA70 /* Color.swift */; };
		26F62F0C2506B92000FDEA70 /* Color.swift in Sources */ = {isa = PBXBuildFile; fileRef = 26F62F0A2506B92000FDEA70 /* Color.swift */; };
		26F62F0F2506FD9100FDEA70 /* ConstructionCircle.swift in Sources */ = {isa = PBXBuildFile; fileRef = 26F62F0E2506FD9100FDEA70 /* ConstructionCircle.swift */; };
		26F62F102506FD9100FDEA70 /* ConstructionCircle.swift in Sources */ = {isa = PBXBuildFile; fileRef = 26F62F0E2506FD9100FDEA70 /* ConstructionCircle.swift */; };
		26F62F122506FFFF00FDEA70 /* AnimatableLineShape.swift in Sources */ = {isa = PBXBuildFile; fileRef = 26F62F112506FFFF00FDEA70 /* AnimatableLineShape.swift */; };
		26F62F132506FFFF00FDEA70 /* AnimatableLineShape.swift in Sources */ = {isa = PBXBuildFile; fileRef = 26F62F112506FFFF00FDEA70 /* AnimatableLineShape.swift */; };
		26F62F152507008600FDEA70 /* AnimatableCircleShape.swift in Sources */ = {isa = PBXBuildFile; fileRef = 26F62F142507008600FDEA70 /* AnimatableCircleShape.swift */; };
		26F62F162507008600FDEA70 /* AnimatableCircleShape.swift in Sources */ = {isa = PBXBuildFile; fileRef = 26F62F142507008600FDEA70 /* AnimatableCircleShape.swift */; };
		26F62F18250700C500FDEA70 /* Geometry.swift in Sources */ = {isa = PBXBuildFile; fileRef = 26F62F17250700C500FDEA70 /* Geometry.swift */; };
		26F62F19250700C500FDEA70 /* Geometry.swift in Sources */ = {isa = PBXBuildFile; fileRef = 26F62F17250700C500FDEA70 /* Geometry.swift */; };
		26F62F1B2507198400FDEA70 /* PatternOneConstructionLinesView.swift in Sources */ = {isa = PBXBuildFile; fileRef = 26F62F1A2507198400FDEA70 /* PatternOneConstructionLinesView.swift */; };
		26F62F1C2507198400FDEA70 /* PatternOneConstructionLinesView.swift in Sources */ = {isa = PBXBuildFile; fileRef = 26F62F1A2507198400FDEA70 /* PatternOneConstructionLinesView.swift */; };
		26F62F1E25071E6E00FDEA70 /* AnimatablePulsingCircleShape.swift in Sources */ = {isa = PBXBuildFile; fileRef = 26F62F1D25071E6D00FDEA70 /* AnimatablePulsingCircleShape.swift */; };
		26F62F1F25071E6E00FDEA70 /* AnimatablePulsingCircleShape.swift in Sources */ = {isa = PBXBuildFile; fileRef = 26F62F1D25071E6D00FDEA70 /* AnimatablePulsingCircleShape.swift */; };
/* End PBXBuildFile section */

/* Begin PBXFileReference section */
		26BA3F2925075FB90091373A /* AnimatableStore.swift */ = {isa = PBXFileReference; lastKnownFileType = sourcecode.swift; path = AnimatableStore.swift; sourceTree = "<group>"; };
		26F62EE82506B8CF00FDEA70 /* ZellijApp.swift */ = {isa = PBXFileReference; lastKnownFileType = sourcecode.swift; path = ZellijApp.swift; sourceTree = "<group>"; };
		26F62EEA2506B8D000FDEA70 /* Assets.xcassets */ = {isa = PBXFileReference; lastKnownFileType = folder.assetcatalog; path = Assets.xcassets; sourceTree = "<group>"; };
		26F62EEF2506B8D000FDEA70 /* Zellij.app */ = {isa = PBXFileReference; explicitFileType = wrapper.application; includeInIndex = 0; path = Zellij.app; sourceTree = BUILT_PRODUCTS_DIR; };
		26F62EF22506B8D000FDEA70 /* Info.plist */ = {isa = PBXFileReference; lastKnownFileType = text.plist.xml; path = Info.plist; sourceTree = "<group>"; };
		26F62EF72506B8D000FDEA70 /* Zellij.app */ = {isa = PBXFileReference; explicitFileType = wrapper.application; includeInIndex = 0; path = Zellij.app; sourceTree = BUILT_PRODUCTS_DIR; };
		26F62EF92506B8D000FDEA70 /* Info.plist */ = {isa = PBXFileReference; lastKnownFileType = text.plist.xml; path = Info.plist; sourceTree = "<group>"; };
		26F62EFA2506B8D000FDEA70 /* macOS.entitlements */ = {isa = PBXFileReference; lastKnownFileType = text.plist.entitlements; path = macOS.entitlements; sourceTree = "<group>"; };
		26F62F0A2506B92000FDEA70 /* Color.swift */ = {isa = PBXFileReference; lastKnownFileType = sourcecode.swift; path = Color.swift; sourceTree = "<group>"; };
		26F62F0E2506FD9100FDEA70 /* ConstructionCircle.swift */ = {isa = PBXFileReference; lastKnownFileType = sourcecode.swift; path = ConstructionCircle.swift; sourceTree = "<group>"; };
		26F62F112506FFFF00FDEA70 /* AnimatableLineShape.swift */ = {isa = PBXFileReference; lastKnownFileType = sourcecode.swift; path = AnimatableLineShape.swift; sourceTree = "<group>"; };
		26F62F142507008600FDEA70 /* AnimatableCircleShape.swift */ = {isa = PBXFileReference; lastKnownFileType = sourcecode.swift; path = AnimatableCircleShape.swift; sourceTree = "<group>"; };
		26F62F17250700C500FDEA70 /* Geometry.swift */ = {isa = PBXFileReference; lastKnownFileType = sourcecode.swift; path = Geometry.swift; sourceTree = "<group>"; };
		26F62F1A2507198400FDEA70 /* PatternOneConstructionLinesView.swift */ = {isa = PBXFileReference; lastKnownFileType = sourcecode.swift; path = PatternOneConstructionLinesView.swift; sourceTree = "<group>"; };
		26F62F1D25071E6D00FDEA70 /* AnimatablePulsingCircleShape.swift */ = {isa = PBXFileReference; lastKnownFileType = sourcecode.swift; path = AnimatablePulsingCircleShape.swift; sourceTree = "<group>"; };
/* End PBXFileReference section */

/* Begin PBXFrameworksBuildPhase section */
		26F62EEC2506B8D000FDEA70 /* Frameworks */ = {
			isa = PBXFrameworksBuildPhase;
			buildActionMask = 2147483647;
			files = (
			);
			runOnlyForDeploymentPostprocessing = 0;
		};
		26F62EF42506B8D000FDEA70 /* Frameworks */ = {
			isa = PBXFrameworksBuildPhase;
			buildActionMask = 2147483647;
			files = (
			);
			runOnlyForDeploymentPostprocessing = 0;
		};
/* End PBXFrameworksBuildPhase section */

/* Begin PBXGroup section */
		26F62EE22506B8CF00FDEA70 = {
			isa = PBXGroup;
			children = (
				26F62EE72506B8CF00FDEA70 /* Shared */,
				26F62EF12506B8D000FDEA70 /* iOS */,
				26F62EF82506B8D000FDEA70 /* macOS */,
				26F62EF02506B8D000FDEA70 /* Products */,
			);
			sourceTree = "<group>";
		};
		26F62EE72506B8CF00FDEA70 /* Shared */ = {
			isa = PBXGroup;
			children = (
				26F62F0D2506FD7900FDEA70 /* Views */,
				26F62F092506B91200FDEA70 /* Extensions */,
				26F62EE82506B8CF00FDEA70 /* ZellijApp.swift */,
				26F62F17250700C500FDEA70 /* Geometry.swift */,
				26F62EEA2506B8D000FDEA70 /* Assets.xcassets */,
			);
			path = Shared;
			sourceTree = "<group>";
		};
		26F62EF02506B8D000FDEA70 /* Products */ = {
			isa = PBXGroup;
			children = (
				26F62EEF2506B8D000FDEA70 /* Zellij.app */,
				26F62EF72506B8D000FDEA70 /* Zellij.app */,
			);
			name = Products;
			sourceTree = "<group>";
		};
		26F62EF12506B8D000FDEA70 /* iOS */ = {
			isa = PBXGroup;
			children = (
				26F62EF22506B8D000FDEA70 /* Info.plist */,
			);
			path = iOS;
			sourceTree = "<group>";
		};
		26F62EF82506B8D000FDEA70 /* macOS */ = {
			isa = PBXGroup;
			children = (
				26F62EF92506B8D000FDEA70 /* Info.plist */,
				26F62EFA2506B8D000FDEA70 /* macOS.entitlements */,
			);
			path = macOS;
			sourceTree = "<group>";
		};
		26F62F092506B91200FDEA70 /* Extensions */ = {
			isa = PBXGroup;
			children = (
				26F62F0A2506B92000FDEA70 /* Color.swift */,
			);
			path = Extensions;
			sourceTree = "<group>";
		};
		26F62F0D2506FD7900FDEA70 /* Views */ = {
			isa = PBXGroup;
			children = (
				26F62F0E2506FD9100FDEA70 /* ConstructionCircle.swift */,
				26F62F112506FFFF00FDEA70 /* AnimatableLineShape.swift */,
				26F62F142507008600FDEA70 /* AnimatableCircleShape.swift */,
				26F62F1D25071E6D00FDEA70 /* AnimatablePulsingCircleShape.swift */,
				26F62F1A2507198400FDEA70 /* PatternOneConstructionLinesView.swift */,
				26BA3F2925075FB90091373A /* AnimatableStore.swift */,
			);
			path = Views;
			sourceTree = "<group>";
		};
/* End PBXGroup section */

/* Begin PBXNativeTarget section */
		26F62EEE2506B8D000FDEA70 /* Zellij (iOS) */ = {
			isa = PBXNativeTarget;
			buildConfigurationList = 26F62F032506B8D000FDEA70 /* Build configuration list for PBXNativeTarget "Zellij (iOS)" */;
			buildPhases = (
				26F62EEB2506B8D000FDEA70 /* Sources */,
				26F62EEC2506B8D000FDEA70 /* Frameworks */,
				26F62EED2506B8D000FDEA70 /* Resources */,
			);
			buildRules = (
			);
			dependencies = (
			);
			name = "Zellij (iOS)";
			productName = "Zellij (iOS)";
			productReference = 26F62EEF2506B8D000FDEA70 /* Zellij.app */;
			productType = "com.apple.product-type.application";
		};
		26F62EF62506B8D000FDEA70 /* Zellij (macOS) */ = {
			isa = PBXNativeTarget;
			buildConfigurationList = 26F62F062506B8D000FDEA70 /* Build configuration list for PBXNativeTarget "Zellij (macOS)" */;
			buildPhases = (
				26F62EF32506B8D000FDEA70 /* Sources */,
				26F62EF42506B8D000FDEA70 /* Frameworks */,
				26F62EF52506B8D000FDEA70 /* Resources */,
			);
			buildRules = (
			);
			dependencies = (
			);
			name = "Zellij (macOS)";
			productName = "Zellij (macOS)";
			productReference = 26F62EF72506B8D000FDEA70 /* Zellij.app */;
			productType = "com.apple.product-type.application";
		};
/* End PBXNativeTarget section */

/* Begin PBXProject section */
		26F62EE32506B8CF00FDEA70 /* Project object */ = {
			isa = PBXProject;
			attributes = {
				LastSwiftUpdateCheck = 1200;
				LastUpgradeCheck = 1200;
				TargetAttributes = {
					26F62EEE2506B8D000FDEA70 = {
						CreatedOnToolsVersion = 12.0;
					};
					26F62EF62506B8D000FDEA70 = {
						CreatedOnToolsVersion = 12.0;
					};
				};
			};
			buildConfigurationList = 26F62EE62506B8CF00FDEA70 /* Build configuration list for PBXProject "Zellij" */;
			compatibilityVersion = "Xcode 9.3";
			developmentRegion = en;
			hasScannedForEncodings = 0;
			knownRegions = (
				en,
				Base,
			);
			mainGroup = 26F62EE22506B8CF00FDEA70;
			productRefGroup = 26F62EF02506B8D000FDEA70 /* Products */;
			projectDirPath = "";
			projectRoot = "";
			targets = (
				26F62EEE2506B8D000FDEA70 /* Zellij (iOS) */,
				26F62EF62506B8D000FDEA70 /* Zellij (macOS) */,
			);
		};
/* End PBXProject section */

/* Begin PBXResourcesBuildPhase section */
		26F62EED2506B8D000FDEA70 /* Resources */ = {
			isa = PBXResourcesBuildPhase;
			buildActionMask = 2147483647;
			files = (
				26F62EFF2506B8D000FDEA70 /* Assets.xcassets in Resources */,
			);
			runOnlyForDeploymentPostprocessing = 0;
		};
		26F62EF52506B8D000FDEA70 /* Resources */ = {
			isa = PBXResourcesBuildPhase;
			buildActionMask = 2147483647;
			files = (
				26F62F002506B8D000FDEA70 /* Assets.xcassets in Resources */,
			);
			runOnlyForDeploymentPostprocessing = 0;
		};
/* End PBXResourcesBuildPhase section */

/* Begin PBXSourcesBuildPhase section */
		26F62EEB2506B8D000FDEA70 /* Sources */ = {
			isa = PBXSourcesBuildPhase;
			buildActionMask = 2147483647;
			files = (
				26F62F0F2506FD9100FDEA70 /* ConstructionCircle.swift in Sources */,
				26F62F18250700C500FDEA70 /* Geometry.swift in Sources */,
				26F62F1E25071E6E00FDEA70 /* AnimatablePulsingCircleShape.swift in Sources */,
				26F62F152507008600FDEA70 /* AnimatableCircleShape.swift in Sources */,
				26F62F122506FFFF00FDEA70 /* AnimatableLineShape.swift in Sources */,
				26F62EFB2506B8D000FDEA70 /* ZellijApp.swift in Sources */,
				26F62F0B2506B92000FDEA70 /* Color.swift in Sources */,
				26BA3F2A25075FB90091373A /* AnimatableStore.swift in Sources */,
				26F62F1B2507198400FDEA70 /* PatternOneConstructionLinesView.swift in Sources */,
			);
			runOnlyForDeploymentPostprocessing = 0;
		};
		26F62EF32506B8D000FDEA70 /* Sources */ = {
			isa = PBXSourcesBuildPhase;
			buildActionMask = 2147483647;
			files = (
				26F62F102506FD9100FDEA70 /* ConstructionCircle.swift in Sources */,
				26F62F19250700C500FDEA70 /* Geometry.swift in Sources */,
				26F62F1F25071E6E00FDEA70 /* AnimatablePulsingCircleShape.swift in Sources */,
				26F62F162507008600FDEA70 /* AnimatableCircleShape.swift in Sources */,
				26F62F132506FFFF00FDEA70 /* AnimatableLineShape.swift in Sources */,
				26F62EFC2506B8D000FDEA70 /* ZellijApp.swift in Sources */,
				26F62F0C2506B92000FDEA70 /* Color.swift in Sources */,
				26BA3F2B25075FB90091373A /* AnimatableStore.swift in Sources */,
				26F62F1C2507198400FDEA70 /* PatternOneConstructionLinesView.swift in Sources */,
			);
			runOnlyForDeploymentPostprocessing = 0;
		};
/* End PBXSourcesBuildPhase section */

/* Begin XCBuildConfiguration section */
		26F62F012506B8D000FDEA70 /* Debug */ = {
			isa = XCBuildConfiguration;
			buildSettings = {
				ALWAYS_SEARCH_USER_PATHS = NO;
				CLANG_ANALYZER_NONNULL = YES;
				CLANG_ANALYZER_NUMBER_OBJECT_CONVERSION = YES_AGGRESSIVE;
				CLANG_CXX_LANGUAGE_STANDARD = "gnu++14";
				CLANG_CXX_LIBRARY = "libc++";
				CLANG_ENABLE_MODULES = YES;
				CLANG_ENABLE_OBJC_ARC = YES;
				CLANG_ENABLE_OBJC_WEAK = YES;
				CLANG_WARN_BLOCK_CAPTURE_AUTORELEASING = YES;
				CLANG_WARN_BOOL_CONVERSION = YES;
				CLANG_WARN_COMMA = YES;
				CLANG_WARN_CONSTANT_CONVERSION = YES;
				CLANG_WARN_DEPRECATED_OBJC_IMPLEMENTATIONS = YES;
				CLANG_WARN_DIRECT_OBJC_ISA_USAGE = YES_ERROR;
				CLANG_WARN_DOCUMENTATION_COMMENTS = YES;
				CLANG_WARN_EMPTY_BODY = YES;
				CLANG_WARN_ENUM_CONVERSION = YES;
				CLANG_WARN_INFINITE_RECURSION = YES;
				CLANG_WARN_INT_CONVERSION = YES;
				CLANG_WARN_NON_LITERAL_NULL_CONVERSION = YES;
				CLANG_WARN_OBJC_IMPLICIT_RETAIN_SELF = YES;
				CLANG_WARN_OBJC_LITERAL_CONVERSION = YES;
				CLANG_WARN_OBJC_ROOT_CLASS = YES_ERROR;
				CLANG_WARN_QUOTED_INCLUDE_IN_FRAMEWORK_HEADER = YES;
				CLANG_WARN_RANGE_LOOP_ANALYSIS = YES;
				CLANG_WARN_STRICT_PROTOTYPES = YES;
				CLANG_WARN_SUSPICIOUS_MOVE = YES;
				CLANG_WARN_UNGUARDED_AVAILABILITY = YES_AGGRESSIVE;
				CLANG_WARN_UNREACHABLE_CODE = YES;
				CLANG_WARN__DUPLICATE_METHOD_MATCH = YES;
				COPY_PHASE_STRIP = NO;
				DEBUG_INFORMATION_FORMAT = dwarf;
				ENABLE_STRICT_OBJC_MSGSEND = YES;
				ENABLE_TESTABILITY = YES;
				GCC_C_LANGUAGE_STANDARD = gnu11;
				GCC_DYNAMIC_NO_PIC = NO;
				GCC_NO_COMMON_BLOCKS = YES;
				GCC_OPTIMIZATION_LEVEL = 0;
				GCC_PREPROCESSOR_DEFINITIONS = (
					"DEBUG=1",
					"$(inherited)",
				);
				GCC_WARN_64_TO_32_BIT_CONVERSION = YES;
				GCC_WARN_ABOUT_RETURN_TYPE = YES_ERROR;
				GCC_WARN_UNDECLARED_SELECTOR = YES;
				GCC_WARN_UNINITIALIZED_AUTOS = YES_AGGRESSIVE;
				GCC_WARN_UNUSED_FUNCTION = YES;
				GCC_WARN_UNUSED_VARIABLE = YES;
				MTL_ENABLE_DEBUG_INFO = INCLUDE_SOURCE;
				MTL_FAST_MATH = YES;
				ONLY_ACTIVE_ARCH = YES;
				SWIFT_ACTIVE_COMPILATION_CONDITIONS = DEBUG;
				SWIFT_OPTIMIZATION_LEVEL = "-Onone";
			};
			name = Debug;
		};
		26F62F022506B8D000FDEA70 /* Release */ = {
			isa = XCBuildConfiguration;
			buildSettings = {
				ALWAYS_SEARCH_USER_PATHS = NO;
				CLANG_ANALYZER_NONNULL = YES;
				CLANG_ANALYZER_NUMBER_OBJECT_CONVERSION = YES_AGGRESSIVE;
				CLANG_CXX_LANGUAGE_STANDARD = "gnu++14";
				CLANG_CXX_LIBRARY = "libc++";
				CLANG_ENABLE_MODULES = YES;
				CLANG_ENABLE_OBJC_ARC = YES;
				CLANG_ENABLE_OBJC_WEAK = YES;
				CLANG_WARN_BLOCK_CAPTURE_AUTORELEASING = YES;
				CLANG_WARN_BOOL_CONVERSION = YES;
				CLANG_WARN_COMMA = YES;
				CLANG_WARN_CONSTANT_CONVERSION = YES;
				CLANG_WARN_DEPRECATED_OBJC_IMPLEMENTATIONS = YES;
				CLANG_WARN_DIRECT_OBJC_ISA_USAGE = YES_ERROR;
				CLANG_WARN_DOCUMENTATION_COMMENTS = YES;
				CLANG_WARN_EMPTY_BODY = YES;
				CLANG_WARN_ENUM_CONVERSION = YES;
				CLANG_WARN_INFINITE_RECURSION = YES;
				CLANG_WARN_INT_CONVERSION = YES;
				CLANG_WARN_NON_LITERAL_NULL_CONVERSION = YES;
				CLANG_WARN_OBJC_IMPLICIT_RETAIN_SELF = YES;
				CLANG_WARN_OBJC_LITERAL_CONVERSION = YES;
				CLANG_WARN_OBJC_ROOT_CLASS = YES_ERROR;
				CLANG_WARN_QUOTED_INCLUDE_IN_FRAMEWORK_HEADER = YES;
				CLANG_WARN_RANGE_LOOP_ANALYSIS = YES;
				CLANG_WARN_STRICT_PROTOTYPES = YES;
				CLANG_WARN_SUSPICIOUS_MOVE = YES;
				CLANG_WARN_UNGUARDED_AVAILABILITY = YES_AGGRESSIVE;
				CLANG_WARN_UNREACHABLE_CODE = YES;
				CLANG_WARN__DUPLICATE_METHOD_MATCH = YES;
				COPY_PHASE_STRIP = NO;
				DEBUG_INFORMATION_FORMAT = "dwarf-with-dsym";
				ENABLE_NS_ASSERTIONS = NO;
				ENABLE_STRICT_OBJC_MSGSEND = YES;
				GCC_C_LANGUAGE_STANDARD = gnu11;
				GCC_NO_COMMON_BLOCKS = YES;
				GCC_WARN_64_TO_32_BIT_CONVERSION = YES;
				GCC_WARN_ABOUT_RETURN_TYPE = YES_ERROR;
				GCC_WARN_UNDECLARED_SELECTOR = YES;
				GCC_WARN_UNINITIALIZED_AUTOS = YES_AGGRESSIVE;
				GCC_WARN_UNUSED_FUNCTION = YES;
				GCC_WARN_UNUSED_VARIABLE = YES;
				MTL_ENABLE_DEBUG_INFO = NO;
				MTL_FAST_MATH = YES;
				SWIFT_COMPILATION_MODE = wholemodule;
				SWIFT_OPTIMIZATION_LEVEL = "-O";
			};
			name = Release;
		};
		26F62F042506B8D000FDEA70 /* Debug */ = {
			isa = XCBuildConfiguration;
			buildSettings = {
				ASSETCATALOG_COMPILER_APPICON_NAME = AppIcon;
				ASSETCATALOG_COMPILER_GLOBAL_ACCENT_COLOR_NAME = AccentColor;
				CODE_SIGN_STYLE = Automatic;
				DEVELOPMENT_TEAM = DVZQHUVU8F;
				ENABLE_PREVIEWS = YES;
				INFOPLIST_FILE = iOS/Info.plist;
				IPHONEOS_DEPLOYMENT_TARGET = 14.0;
				LD_RUNPATH_SEARCH_PATHS = (
					"$(inherited)",
					"@executable_path/Frameworks",
				);
				PRODUCT_BUNDLE_IDENTIFIER = com.limerick.Zellij;
				PRODUCT_NAME = Zellij;
				SDKROOT = iphoneos;
				SWIFT_VERSION = 5.0;
				TARGETED_DEVICE_FAMILY = "1,2";
			};
			name = Debug;
		};
		26F62F052506B8D000FDEA70 /* Release */ = {
			isa = XCBuildConfiguration;
			buildSettings = {
				ASSETCATALOG_COMPILER_APPICON_NAME = AppIcon;
				ASSETCATALOG_COMPILER_GLOBAL_ACCENT_COLOR_NAME = AccentColor;
				CODE_SIGN_STYLE = Automatic;
				DEVELOPMENT_TEAM = DVZQHUVU8F;
				ENABLE_PREVIEWS = YES;
				INFOPLIST_FILE = iOS/Info.plist;
				IPHONEOS_DEPLOYMENT_TARGET = 14.0;
				LD_RUNPATH_SEARCH_PATHS = (
					"$(inherited)",
					"@executable_path/Frameworks",
				);
				PRODUCT_BUNDLE_IDENTIFIER = com.limerick.Zellij;
				PRODUCT_NAME = Zellij;
				SDKROOT = iphoneos;
				SWIFT_VERSION = 5.0;
				TARGETED_DEVICE_FAMILY = "1,2";
				VALIDATE_PRODUCT = YES;
			};
			name = Release;
		};
		26F62F072506B8D000FDEA70 /* Debug */ = {
			isa = XCBuildConfiguration;
			buildSettings = {
				ASSETCATALOG_COMPILER_APPICON_NAME = AppIcon;
				ASSETCATALOG_COMPILER_GLOBAL_ACCENT_COLOR_NAME = AccentColor;
				CODE_SIGN_ENTITLEMENTS = macOS/macOS.entitlements;
				CODE_SIGN_STYLE = Automatic;
				COMBINE_HIDPI_IMAGES = YES;
				DEVELOPMENT_TEAM = 2S5357N6EL;
				ENABLE_HARDENED_RUNTIME = YES;
				ENABLE_PREVIEWS = YES;
				INFOPLIST_FILE = macOS/Info.plist;
				LD_RUNPATH_SEARCH_PATHS = (
					"$(inherited)",
					"@executable_path/../Frameworks",
				);
				MACOSX_DEPLOYMENT_TARGET = 11.0;
				PRODUCT_BUNDLE_IDENTIFIER = com.limerick.Zellij;
				PRODUCT_NAME = Zellij;
				SDKROOT = macosx;
				SWIFT_VERSION = 5.0;
			};
			name = Debug;
		};
		26F62F082506B8D000FDEA70 /* Release */ = {
			isa = XCBuildConfiguration;
			buildSettings = {
				ASSETCATALOG_COMPILER_APPICON_NAME = AppIcon;
				ASSETCATALOG_COMPILER_GLOBAL_ACCENT_COLOR_NAME = AccentColor;
				CODE_SIGN_ENTITLEMENTS = macOS/macOS.entitlements;
				CODE_SIGN_STYLE = Automatic;
				COMBINE_HIDPI_IMAGES = YES;
				DEVELOPMENT_TEAM = 2S5357N6EL;
				ENABLE_HARDENED_RUNTIME = YES;
				ENABLE_PREVIEWS = YES;
				INFOPLIST_FILE = macOS/Info.plist;
				LD_RUNPATH_SEARCH_PATHS = (
					"$(inherited)",
					"@executable_path/../Frameworks",
				);
				MACOSX_DEPLOYMENT_TARGET = 11.0;
				PRODUCT_BUNDLE_IDENTIFIER = com.limerick.Zellij;
				PRODUCT_NAME = Zellij;
				SDKROOT = macosx;
				SWIFT_VERSION = 5.0;
			};
			name = Release;
		};
/* End XCBuildConfiguration section */

/* Begin XCConfigurationList section */
		26F62EE62506B8CF00FDEA70 /* Build configuration list for PBXProject "Zellij" */ = {
			isa = XCConfigurationList;
			buildConfigurations = (
				26F62F012506B8D000FDEA70 /* Debug */,
				26F62F022506B8D000FDEA70 /* Release */,
			);
			defaultConfigurationIsVisible = 0;
			defaultConfigurationName = Release;
		};
		26F62F032506B8D000FDEA70 /* Build configuration list for PBXNativeTarget "Zellij (iOS)" */ = {
			isa = XCConfigurationList;
			buildConfigurations = (
				26F62F042506B8D000FDEA70 /* Debug */,
				26F62F052506B8D000FDEA70 /* Release */,
			);
			defaultConfigurationIsVisible = 0;
			defaultConfigurationName = Release;
		};
		26F62F062506B8D000FDEA70 /* Build configuration list for PBXNativeTarget "Zellij (macOS)" */ = {
			isa = XCConfigurationList;
			buildConfigurations = (
				26F62F072506B8D000FDEA70 /* Debug */,
				26F62F082506B8D000FDEA70 /* Release */,
			);
			defaultConfigurationIsVisible = 0;
			defaultConfigurationName = Release;
		};
/* End XCConfigurationList section */
	};
	rootObject = 26F62EE32506B8CF00FDEA70 /* Project object */;
}
